// !$*UTF8*$!
{
	archiveVersion = 1;
	classes = {
	};
	objectVersion = 46;
	objects = {

/* Begin PBXBuildFile section */
		4A02ED7A1D734C98008511A9 /* AppDelegate.swift in Sources */ = {isa = PBXBuildFile; fileRef = 4A02ED791D734C98008511A9 /* AppDelegate.swift */; };
		4A02ED811D734C98008511A9 /* Assets.xcassets in Resources */ = {isa = PBXBuildFile; fileRef = 4A02ED801D734C98008511A9 /* Assets.xcassets */; };
		4A02ED8F1D734C98008511A9 /* __Tests.swift in Sources */ = {isa = PBXBuildFile; fileRef = 4A02ED8E1D734C98008511A9 /* __Tests.swift */; };
		4A02ED9A1D734C98008511A9 /* __UITests.swift in Sources */ = {isa = PBXBuildFile; fileRef = 4A02ED991D734C98008511A9 /* __UITests.swift */; };
		4A1294EE1D7490DD0014267C /* WBMainViewController.swift in Sources */ = {isa = PBXBuildFile; fileRef = 4A1294ED1D7490DD0014267C /* WBMainViewController.swift */; };
		4A1294F01D74911A0014267C /* WBNavigationController.swift in Sources */ = {isa = PBXBuildFile; fileRef = 4A1294EF1D74911A0014267C /* WBNavigationController.swift */; };
		4A1294F21D74913A0014267C /* WBBaseViewController.swift in Sources */ = {isa = PBXBuildFile; fileRef = 4A1294F11D74913A0014267C /* WBBaseViewController.swift */; };
		4A1294F41D74918A0014267C /* WBHomeViewController.swift in Sources */ = {isa = PBXBuildFile; fileRef = 4A1294F31D74918A0014267C /* WBHomeViewController.swift */; };
		4A1294F61D7491990014267C /* WBMessageViewController.swift in Sources */ = {isa = PBXBuildFile; fileRef = 4A1294F51D7491990014267C /* WBMessageViewController.swift */; };
		4A1294F81D7491A50014267C /* WBDiscoverViewController.swift in Sources */ = {isa = PBXBuildFile; fileRef = 4A1294F71D7491A50014267C /* WBDiscoverViewController.swift */; };
		4A1294FA1D7491B50014267C /* WBProfileViewController.swift in Sources */ = {isa = PBXBuildFile; fileRef = 4A1294F91D7491B50014267C /* WBProfileViewController.swift */; };
/* End PBXBuildFile section */

/* Begin PBXContainerItemProxy section */
		4A02ED8B1D734C98008511A9 /* PBXContainerItemProxy */ = {
			isa = PBXContainerItemProxy;
			containerPortal = 4A02ED6E1D734C98008511A9 /* Project object */;
			proxyType = 1;
			remoteGlobalIDString = 4A02ED751D734C98008511A9;
			remoteInfo = "微博";
		};
		4A02ED961D734C98008511A9 /* PBXContainerItemProxy */ = {
			isa = PBXContainerItemProxy;
			containerPortal = 4A02ED6E1D734C98008511A9 /* Project object */;
			proxyType = 1;
			remoteGlobalIDString = 4A02ED751D734C98008511A9;
			remoteInfo = "微博";
		};
/* End PBXContainerItemProxy section */

/* Begin PBXFileReference section */
		4A02ED761D734C98008511A9 /* 微博.app */ = {isa = PBXFileReference; explicitFileType = wrapper.application; includeInIndex = 0; path = "微博.app"; sourceTree = BUILT_PRODUCTS_DIR; };
		4A02ED791D734C98008511A9 /* AppDelegate.swift */ = {isa = PBXFileReference; lastKnownFileType = sourcecode.swift; path = AppDelegate.swift; sourceTree = "<group>"; };
		4A02ED801D734C98008511A9 /* Assets.xcassets */ = {isa = PBXFileReference; lastKnownFileType = folder.assetcatalog; path = Assets.xcassets; sourceTree = "<group>"; };
		4A02ED851D734C98008511A9 /* Info.plist */ = {isa = PBXFileReference; lastKnownFileType = text.plist.xml; path = Info.plist; sourceTree = "<group>"; };
		4A02ED8A1D734C98008511A9 /* 微博Tests.xctest */ = {isa = PBXFileReference; explicitFileType = wrapper.cfbundle; includeInIndex = 0; path = "微博Tests.xctest"; sourceTree = BUILT_PRODUCTS_DIR; };
		4A02ED8E1D734C98008511A9 /* __Tests.swift */ = {isa = PBXFileReference; lastKnownFileType = sourcecode.swift; path = __Tests.swift; sourceTree = "<group>"; };
		4A02ED901D734C98008511A9 /* Info.plist */ = {isa = PBXFileReference; lastKnownFileType = text.plist.xml; path = Info.plist; sourceTree = "<group>"; };
		4A02ED951D734C98008511A9 /* 微博UITests.xctest */ = {isa = PBXFileReference; explicitFileType = wrapper.cfbundle; includeInIndex = 0; path = "微博UITests.xctest"; sourceTree = BUILT_PRODUCTS_DIR; };
		4A02ED991D734C98008511A9 /* __UITests.swift */ = {isa = PBXFileReference; lastKnownFileType = sourcecode.swift; path = __UITests.swift; sourceTree = "<group>"; };
		4A02ED9B1D734C98008511A9 /* Info.plist */ = {isa = PBXFileReference; lastKnownFileType = text.plist.xml; path = Info.plist; sourceTree = "<group>"; };
		4A1294ED1D7490DD0014267C /* WBMainViewController.swift */ = {isa = PBXFileReference; fileEncoding = 4; lastKnownFileType = sourcecode.swift; path = WBMainViewController.swift; sourceTree = "<group>"; };
		4A1294EF1D74911A0014267C /* WBNavigationController.swift */ = {isa = PBXFileReference; fileEncoding = 4; lastKnownFileType = sourcecode.swift; path = WBNavigationController.swift; sourceTree = "<group>"; };
		4A1294F11D74913A0014267C /* WBBaseViewController.swift */ = {isa = PBXFileReference; fileEncoding = 4; lastKnownFileType = sourcecode.swift; path = WBBaseViewController.swift; sourceTree = "<group>"; };
		4A1294F31D74918A0014267C /* WBHomeViewController.swift */ = {isa = PBXFileReference; fileEncoding = 4; lastKnownFileType = sourcecode.swift; path = WBHomeViewController.swift; sourceTree = "<group>"; };
		4A1294F51D7491990014267C /* WBMessageViewController.swift */ = {isa = PBXFileReference; fileEncoding = 4; lastKnownFileType = sourcecode.swift; path = WBMessageViewController.swift; sourceTree = "<group>"; };
		4A1294F71D7491A50014267C /* WBDiscoverViewController.swift */ = {isa = PBXFileReference; fileEncoding = 4; lastKnownFileType = sourcecode.swift; path = WBDiscoverViewController.swift; sourceTree = "<group>"; };
		4A1294F91D7491B50014267C /* WBProfileViewController.swift */ = {isa = PBXFileReference; fileEncoding = 4; lastKnownFileType = sourcecode.swift; path = WBProfileViewController.swift; sourceTree = "<group>"; };
/* End PBXFileReference section */

/* Begin PBXFrameworksBuildPhase section */
		4A02ED731D734C98008511A9 /* Frameworks */ = {
			isa = PBXFrameworksBuildPhase;
			buildActionMask = 2147483647;
			files = (
			);
			runOnlyForDeploymentPostprocessing = 0;
		};
		4A02ED871D734C98008511A9 /* Frameworks */ = {
			isa = PBXFrameworksBuildPhase;
			buildActionMask = 2147483647;
			files = (
			);
			runOnlyForDeploymentPostprocessing = 0;
		};
		4A02ED921D734C98008511A9 /* Frameworks */ = {
			isa = PBXFrameworksBuildPhase;
			buildActionMask = 2147483647;
			files = (
			);
			runOnlyForDeploymentPostprocessing = 0;
		};
/* End PBXFrameworksBuildPhase section */

/* Begin PBXGroup section */
		4A02ED6D1D734C98008511A9 = {
			isa = PBXGroup;
			children = (
				4A02ED781D734C98008511A9 /* 微博 */,
				4A02ED8D1D734C98008511A9 /* 微博Tests */,
				4A02ED981D734C98008511A9 /* 微博UITests */,
				4A02ED771D734C98008511A9 /* Products */,
			);
			sourceTree = "<group>";
		};
		4A02ED771D734C98008511A9 /* Products */ = {
			isa = PBXGroup;
			children = (
				4A02ED761D734C98008511A9 /* 微博.app */,
				4A02ED8A1D734C98008511A9 /* 微博Tests.xctest */,
				4A02ED951D734C98008511A9 /* 微博UITests.xctest */,
			);
			name = Products;
			sourceTree = "<group>";
		};
		4A02ED781D734C98008511A9 /* 微博 */ = {
			isa = PBXGroup;
			children = (
				4A1294E31D7490620014267C /* Classes */,
				4A02ED791D734C98008511A9 /* AppDelegate.swift */,
				4A02ED801D734C98008511A9 /* Assets.xcassets */,
				4A02ED851D734C98008511A9 /* Info.plist */,
			);
			path = "微博";
			sourceTree = "<group>";
		};
		4A02ED8D1D734C98008511A9 /* 微博Tests */ = {
			isa = PBXGroup;
			children = (
				4A02ED8E1D734C98008511A9 /* __Tests.swift */,
				4A02ED901D734C98008511A9 /* Info.plist */,
			);
			path = "微博Tests";
			sourceTree = "<group>";
		};
		4A02ED981D734C98008511A9 /* 微博UITests */ = {
			isa = PBXGroup;
			children = (
				4A02ED991D734C98008511A9 /* __UITests.swift */,
				4A02ED9B1D734C98008511A9 /* Info.plist */,
			);
			path = "微博UITests";
			sourceTree = "<group>";
		};
		4A1294E31D7490620014267C /* Classes */ = {
			isa = PBXGroup;
			children = (
				4A1294E61D7490620014267C /* View(视图和控制器) */,
				4A1294E41D7490620014267C /* Model(模型) */,
				4A1294E51D7490620014267C /* Tools(工具) */,
				4A1294EC1D7490620014267C /* ViewModel(视图模型) */,
			);
			path = Classes;
			sourceTree = "<group>";
		};
		4A1294E41D7490620014267C /* Model(模型) */ = {
			isa = PBXGroup;
			children = (
			);
			path = "Model(模型)";
			sourceTree = "<group>";
		};
		4A1294E51D7490620014267C /* Tools(工具) */ = {
			isa = PBXGroup;
			children = (
			);
			path = "Tools(工具)";
			sourceTree = "<group>";
		};
		4A1294E61D7490620014267C /* View(视图和控制器) */ = {
			isa = PBXGroup;
			children = (
				4A1294E91D7490620014267C /* Main */,
				4A1294E81D7490620014267C /* Home */,
				4A1294EA1D7490620014267C /* Message */,
				4A1294E71D7490620014267C /* Discover */,
				4A1294EB1D7490620014267C /* Profile */,
			);
			path = "View(视图和控制器)";
			sourceTree = "<group>";
		};
		4A1294E71D7490620014267C /* Discover */ = {
			isa = PBXGroup;
			children = (
				4A1294F71D7491A50014267C /* WBDiscoverViewController.swift */,
			);
			path = Discover;
			sourceTree = "<group>";
		};
		4A1294E81D7490620014267C /* Home */ = {
			isa = PBXGroup;
			children = (
				4A1294F31D74918A0014267C /* WBHomeViewController.swift */,
			);
			path = Home;
			sourceTree = "<group>";
		};
		4A1294E91D7490620014267C /* Main */ = {
			isa = PBXGroup;
			children = (
				4A1294ED1D7490DD0014267C /* WBMainViewController.swift */,
				4A1294EF1D74911A0014267C /* WBNavigationController.swift */,
				4A1294F11D74913A0014267C /* WBBaseViewController.swift */,
			);
			path = Main;
			sourceTree = "<group>";
		};
		4A1294EA1D7490620014267C /* Message */ = {
			isa = PBXGroup;
			children = (
				4A1294F51D7491990014267C /* WBMessageViewController.swift */,
			);
			path = Message;
			sourceTree = "<group>";
		};
		4A1294EB1D7490620014267C /* Profile */ = {
			isa = PBXGroup;
			children = (
				4A1294F91D7491B50014267C /* WBProfileViewController.swift */,
			);
			path = Profile;
			sourceTree = "<group>";
		};
		4A1294EC1D7490620014267C /* ViewModel(视图模型) */ = {
			isa = PBXGroup;
			children = (
			);
			path = "ViewModel(视图模型)";
			sourceTree = "<group>";
		};
/* End PBXGroup section */

/* Begin PBXNativeTarget section */
		4A02ED751D734C98008511A9 /* 微博 */ = {
			isa = PBXNativeTarget;
			buildConfigurationList = 4A02ED9E1D734C98008511A9 /* Build configuration list for PBXNativeTarget "微博" */;
			buildPhases = (
				4A02ED721D734C98008511A9 /* Sources */,
				4A02ED731D734C98008511A9 /* Frameworks */,
				4A02ED741D734C98008511A9 /* Resources */,
			);
			buildRules = (
			);
			dependencies = (
			);
			name = "微博";
			productName = "微博";
			productReference = 4A02ED761D734C98008511A9 /* 微博.app */;
			productType = "com.apple.product-type.application";
		};
		4A02ED891D734C98008511A9 /* 微博Tests */ = {
			isa = PBXNativeTarget;
			buildConfigurationList = 4A02EDA11D734C98008511A9 /* Build configuration list for PBXNativeTarget "微博Tests" */;
			buildPhases = (
				4A02ED861D734C98008511A9 /* Sources */,
				4A02ED871D734C98008511A9 /* Frameworks */,
				4A02ED881D734C98008511A9 /* Resources */,
			);
			buildRules = (
			);
			dependencies = (
				4A02ED8C1D734C98008511A9 /* PBXTargetDependency */,
			);
			name = "微博Tests";
			productName = "微博Tests";
			productReference = 4A02ED8A1D734C98008511A9 /* 微博Tests.xctest */;
			productType = "com.apple.product-type.bundle.unit-test";
		};
		4A02ED941D734C98008511A9 /* 微博UITests */ = {
			isa = PBXNativeTarget;
			buildConfigurationList = 4A02EDA41D734C98008511A9 /* Build configuration list for PBXNativeTarget "微博UITests" */;
			buildPhases = (
				4A02ED911D734C98008511A9 /* Sources */,
				4A02ED921D734C98008511A9 /* Frameworks */,
				4A02ED931D734C98008511A9 /* Resources */,
			);
			buildRules = (
			);
			dependencies = (
				4A02ED971D734C98008511A9 /* PBXTargetDependency */,
			);
			name = "微博UITests";
			productName = "微博UITests";
			productReference = 4A02ED951D734C98008511A9 /* 微博UITests.xctest */;
			productType = "com.apple.product-type.bundle.ui-testing";
		};
/* End PBXNativeTarget section */

/* Begin PBXProject section */
		4A02ED6E1D734C98008511A9 /* Project object */ = {
			isa = PBXProject;
			attributes = {
				CLASSPREFIX = WB;
				LastSwiftUpdateCheck = 0800;
				LastUpgradeCheck = 0800;
				ORGANIZATIONNAME = lk;
				TargetAttributes = {
					4A02ED751D734C98008511A9 = {
						CreatedOnToolsVersion = 8.0;
						ProvisioningStyle = Automatic;
					};
					4A02ED891D734C98008511A9 = {
						CreatedOnToolsVersion = 8.0;
						ProvisioningStyle = Automatic;
						TestTargetID = 4A02ED751D734C98008511A9;
					};
					4A02ED941D734C98008511A9 = {
						CreatedOnToolsVersion = 8.0;
						ProvisioningStyle = Automatic;
						TestTargetID = 4A02ED751D734C98008511A9;
					};
				};
			};
			buildConfigurationList = 4A02ED711D734C98008511A9 /* Build configuration list for PBXProject "微博" */;
			compatibilityVersion = "Xcode 3.2";
			developmentRegion = English;
			hasScannedForEncodings = 0;
			knownRegions = (
				en,
				Base,
			);
			mainGroup = 4A02ED6D1D734C98008511A9;
			productRefGroup = 4A02ED771D734C98008511A9 /* Products */;
			projectDirPath = "";
			projectRoot = "";
			targets = (
				4A02ED751D734C98008511A9 /* 微博 */,
				4A02ED891D734C98008511A9 /* 微博Tests */,
				4A02ED941D734C98008511A9 /* 微博UITests */,
			);
		};
/* End PBXProject section */

/* Begin PBXResourcesBuildPhase section */
		4A02ED741D734C98008511A9 /* Resources */ = {
			isa = PBXResourcesBuildPhase;
			buildActionMask = 2147483647;
			files = (
				4A02ED811D734C98008511A9 /* Assets.xcassets in Resources */,
			);
			runOnlyForDeploymentPostprocessing = 0;
		};
		4A02ED881D734C98008511A9 /* Resources */ = {
			isa = PBXResourcesBuildPhase;
			buildActionMask = 2147483647;
			files = (
			);
			runOnlyForDeploymentPostprocessing = 0;
		};
		4A02ED931D734C98008511A9 /* Resources */ = {
			isa = PBXResourcesBuildPhase;
			buildActionMask = 2147483647;
			files = (
			);
			runOnlyForDeploymentPostprocessing = 0;
		};
/* End PBXResourcesBuildPhase section */

/* Begin PBXSourcesBuildPhase section */
		4A02ED721D734C98008511A9 /* Sources */ = {
			isa = PBXSourcesBuildPhase;
			buildActionMask = 2147483647;
			files = (
				4A1294F21D74913A0014267C /* WBBaseViewController.swift in Sources */,
				4A1294FA1D7491B50014267C /* WBProfileViewController.swift in Sources */,
				4A1294F81D7491A50014267C /* WBDiscoverViewController.swift in Sources */,
				4A1294EE1D7490DD0014267C /* WBMainViewController.swift in Sources */,
				4A1294F41D74918A0014267C /* WBHomeViewController.swift in Sources */,
				4A02ED7A1D734C98008511A9 /* AppDelegate.swift in Sources */,
				4A1294F01D74911A0014267C /* WBNavigationController.swift in Sources */,
				4A1294F61D7491990014267C /* WBMessageViewController.swift in Sources */,
			);
			runOnlyForDeploymentPostprocessing = 0;
		};
		4A02ED861D734C98008511A9 /* Sources */ = {
			isa = PBXSourcesBuildPhase;
			buildActionMask = 2147483647;
			files = (
				4A02ED8F1D734C98008511A9 /* __Tests.swift in Sources */,
			);
			runOnlyForDeploymentPostprocessing = 0;
		};
		4A02ED911D734C98008511A9 /* Sources */ = {
			isa = PBXSourcesBuildPhase;
			buildActionMask = 2147483647;
			files = (
				4A02ED9A1D734C98008511A9 /* __UITests.swift in Sources */,
			);
			runOnlyForDeploymentPostprocessing = 0;
		};
/* End PBXSourcesBuildPhase section */

/* Begin PBXTargetDependency section */
		4A02ED8C1D734C98008511A9 /* PBXTargetDependency */ = {
			isa = PBXTargetDependency;
			target = 4A02ED751D734C98008511A9 /* 微博 */;
			targetProxy = 4A02ED8B1D734C98008511A9 /* PBXContainerItemProxy */;
		};
		4A02ED971D734C98008511A9 /* PBXTargetDependency */ = {
			isa = PBXTargetDependency;
			target = 4A02ED751D734C98008511A9 /* 微博 */;
			targetProxy = 4A02ED961D734C98008511A9 /* PBXContainerItemProxy */;
		};
/* End PBXTargetDependency section */

/* Begin XCBuildConfiguration section */
		4A02ED9C1D734C98008511A9 /* Debug */ = {
			isa = XCBuildConfiguration;
			buildSettings = {
				ALWAYS_SEARCH_USER_PATHS = NO;
				CLANG_ANALYZER_NONNULL = YES;
				CLANG_CXX_LANGUAGE_STANDARD = "gnu++0x";
				CLANG_CXX_LIBRARY = "libc++";
				CLANG_ENABLE_MODULES = YES;
				CLANG_ENABLE_OBJC_ARC = YES;
				CLANG_WARN_BOOL_CONVERSION = YES;
				CLANG_WARN_CONSTANT_CONVERSION = YES;
				CLANG_WARN_DIRECT_OBJC_ISA_USAGE = YES_ERROR;
				CLANG_WARN_DOCUMENTATION_COMMENTS = YES;
				CLANG_WARN_EMPTY_BODY = YES;
				CLANG_WARN_ENUM_CONVERSION = YES;
				CLANG_WARN_INT_CONVERSION = YES;
				CLANG_WARN_OBJC_ROOT_CLASS = YES_ERROR;
				CLANG_WARN_UNREACHABLE_CODE = YES;
				CLANG_WARN__DUPLICATE_METHOD_MATCH = YES;
				"CODE_SIGN_IDENTITY[sdk=iphoneos*]" = "iPhone Developer";
				COPY_PHASE_STRIP = NO;
				DEBUG_INFORMATION_FORMAT = dwarf;
				ENABLE_STRICT_OBJC_MSGSEND = YES;
				ENABLE_TESTABILITY = YES;
				GCC_C_LANGUAGE_STANDARD = gnu99;
				GCC_DYNAMIC_NO_PIC = NO;
				GCC_NO_COMMON_BLOCKS = YES;
				GCC_OPTIMIZATION_LEVEL = 0;
				GCC_PREPROCESSOR_DEFINITIONS = (
					"DEBUG=1",
					"$(inherited)",
				);
				GCC_WARN_64_TO_32_BIT_CONVERSION = YES;
				GCC_WARN_ABOUT_RETURN_TYPE = YES_ERROR;
				GCC_WARN_UNDECLARED_SELECTOR = YES;
				GCC_WARN_UNINITIALIZED_AUTOS = YES_AGGRESSIVE;
				GCC_WARN_UNUSED_FUNCTION = YES;
				GCC_WARN_UNUSED_VARIABLE = YES;
				IPHONEOS_DEPLOYMENT_TARGET = 10.0;
				MTL_ENABLE_DEBUG_INFO = YES;
				ONLY_ACTIVE_ARCH = YES;
				SDKROOT = iphoneos;
				SWIFT_ACTIVE_COMPILATION_CONDITIONS = DEBUG;
				SWIFT_OPTIMIZATION_LEVEL = "-Onone";
			};
			name = Debug;
		};
		4A02ED9D1D734C98008511A9 /* Release */ = {
			isa = XCBuildConfiguration;
			buildSettings = {
				ALWAYS_SEARCH_USER_PATHS = NO;
				CLANG_ANALYZER_NONNULL = YES;
				CLANG_CXX_LANGUAGE_STANDARD = "gnu++0x";
				CLANG_CXX_LIBRARY = "libc++";
				CLANG_ENABLE_MODULES = YES;
				CLANG_ENABLE_OBJC_ARC = YES;
				CLANG_WARN_BOOL_CONVERSION = YES;
				CLANG_WARN_CONSTANT_CONVERSION = YES;
				CLANG_WARN_DIRECT_OBJC_ISA_USAGE = YES_ERROR;
				CLANG_WARN_DOCUMENTATION_COMMENTS = YES;
				CLANG_WARN_EMPTY_BODY = YES;
				CLANG_WARN_ENUM_CONVERSION = YES;
				CLANG_WARN_INT_CONVERSION = YES;
				CLANG_WARN_OBJC_ROOT_CLASS = YES_ERROR;
				CLANG_WARN_UNREACHABLE_CODE = YES;
				CLANG_WARN__DUPLICATE_METHOD_MATCH = YES;
				"CODE_SIGN_IDENTITY[sdk=iphoneos*]" = "iPhone Developer";
				COPY_PHASE_STRIP = NO;
				DEBUG_INFORMATION_FORMAT = "dwarf-with-dsym";
				ENABLE_NS_ASSERTIONS = NO;
				ENABLE_STRICT_OBJC_MSGSEND = YES;
				GCC_C_LANGUAGE_STANDARD = gnu99;
				GCC_NO_COMMON_BLOCKS = YES;
				GCC_WARN_64_TO_32_BIT_CONVERSION = YES;
				GCC_WARN_ABOUT_RETURN_TYPE = YES_ERROR;
				GCC_WARN_UNDECLARED_SELECTOR = YES;
				GCC_WARN_UNINITIALIZED_AUTOS = YES_AGGRESSIVE;
				GCC_WARN_UNUSED_FUNCTION = YES;
				GCC_WARN_UNUSED_VARIABLE = YES;
				IPHONEOS_DEPLOYMENT_TARGET = 10.0;
				MTL_ENABLE_DEBUG_INFO = NO;
				SDKROOT = iphoneos;
				SWIFT_OPTIMIZATION_LEVEL = "-Owholemodule";
				VALIDATE_PRODUCT = YES;
			};
			name = Release;
		};
		4A02ED9F1D734C98008511A9 /* Debug */ = {
			isa = XCBuildConfiguration;
			buildSettings = {
				ASSETCATALOG_COMPILER_APPICON_NAME = AppIcon;
				ASSETCATALOG_COMPILER_LAUNCHIMAGE_NAME = LaunchImage;
				INFOPLIST_FILE = "微博/Info.plist";
				LD_RUNPATH_SEARCH_PATHS = "$(inherited) @executable_path/Frameworks";
				PRODUCT_BUNDLE_IDENTIFIER = "com.lk.--";
				PRODUCT_NAME = "$(TARGET_NAME)";
				SWIFT_VERSION = 3.0;
			};
			name = Debug;
		};
		4A02EDA01D734C98008511A9 /* Release */ = {
			isa = XCBuildConfiguration;
			buildSettings = {
				ASSETCATALOG_COMPILER_APPICON_NAME = AppIcon;
				ASSETCATALOG_COMPILER_LAUNCHIMAGE_NAME = LaunchImage;
				INFOPLIST_FILE = "微博/Info.plist";
				LD_RUNPATH_SEARCH_PATHS = "$(inherited) @executable_path/Frameworks";
				PRODUCT_BUNDLE_IDENTIFIER = "com.lk.--";
				PRODUCT_NAME = "$(TARGET_NAME)";
				SWIFT_VERSION = 3.0;
			};
			name = Release;
		};
		4A02EDA21D734C98008511A9 /* Debug */ = {
			isa = XCBuildConfiguration;
			buildSettings = {
				BUNDLE_LOADER = "$(TEST_HOST)";
				INFOPLIST_FILE = "微博Tests/Info.plist";
				LD_RUNPATH_SEARCH_PATHS = "$(inherited) @executable_path/Frameworks @loader_path/Frameworks";
				PRODUCT_BUNDLE_IDENTIFIER = "com.lk.--Tests";
				PRODUCT_NAME = "$(TARGET_NAME)";
				SWIFT_VERSION = 3.0;
				TEST_HOST = "$(BUILT_PRODUCTS_DIR)/微博.app/微博";
			};
			name = Debug;
		};
		4A02EDA31D734C98008511A9 /* Release */ = {
			isa = XCBuildConfiguration;
			buildSettings = {
				BUNDLE_LOADER = "$(TEST_HOST)";
				INFOPLIST_FILE = "微博Tests/Info.plist";
				LD_RUNPATH_SEARCH_PATHS = "$(inherited) @executable_path/Frameworks @loader_path/Frameworks";
				PRODUCT_BUNDLE_IDENTIFIER = "com.lk.--Tests";
				PRODUCT_NAME = "$(TARGET_NAME)";
				SWIFT_VERSION = 3.0;
				TEST_HOST = "$(BUILT_PRODUCTS_DIR)/微博.app/微博";
			};
			name = Release;
		};
		4A02EDA51D734C98008511A9 /* Debug */ = {
			isa = XCBuildConfiguration;
			buildSettings = {
				INFOPLIST_FILE = "微博UITests/Info.plist";
				LD_RUNPATH_SEARCH_PATHS = "$(inherited) @executable_path/Frameworks @loader_path/Frameworks";
				PRODUCT_BUNDLE_IDENTIFIER = "com.lk.--UITests";
				PRODUCT_NAME = "$(TARGET_NAME)";
				SWIFT_VERSION = 3.0;
				TEST_TARGET_NAME = "微博";
			};
			name = Debug;
		};
		4A02EDA61D734C98008511A9 /* Release */ = {
			isa = XCBuildConfiguration;
			buildSettings = {
				INFOPLIST_FILE = "微博UITests/Info.plist";
				LD_RUNPATH_SEARCH_PATHS = "$(inherited) @executable_path/Frameworks @loader_path/Frameworks";
				PRODUCT_BUNDLE_IDENTIFIER = "com.lk.--UITests";
				PRODUCT_NAME = "$(TARGET_NAME)";
				SWIFT_VERSION = 3.0;
				TEST_TARGET_NAME = "微博";
			};
			name = Release;
		};
/* End XCBuildConfiguration section */

/* Begin XCConfigurationList section */
		4A02ED711D734C98008511A9 /* Build configuration list for PBXProject "微博" */ = {
			isa = XCConfigurationList;
			buildConfigurations = (
				4A02ED9C1D734C98008511A9 /* Debug */,
				4A02ED9D1D734C98008511A9 /* Release */,
			);
			defaultConfigurationIsVisible = 0;
			defaultConfigurationName = Release;
		};
		4A02ED9E1D734C98008511A9 /* Build configuration list for PBXNativeTarget "微博" */ = {
			isa = XCConfigurationList;
			buildConfigurations = (
				4A02ED9F1D734C98008511A9 /* Debug */,
				4A02EDA01D734C98008511A9 /* Release */,
			);
			defaultConfigurationIsVisible = 0;
			defaultConfigurationName = Release;
		};
		4A02EDA11D734C98008511A9 /* Build configuration list for PBXNativeTarget "微博Tests" */ = {
			isa = XCConfigurationList;
			buildConfigurations = (
				4A02EDA21D734C98008511A9 /* Debug */,
				4A02EDA31D734C98008511A9 /* Release */,
			);
			defaultConfigurationIsVisible = 0;
			defaultConfigurationName = Release;
		};
		4A02EDA41D734C98008511A9 /* Build configuration list for PBXNativeTarget "微博UITests" */ = {
			isa = XCConfigurationList;
			buildConfigurations = (
				4A02EDA51D734C98008511A9 /* Debug */,
				4A02EDA61D734C98008511A9 /* Release */,
			);
			defaultConfigurationIsVisible = 0;
			defaultConfigurationName = Release;
		};
/* End XCConfigurationList section */
	};
	rootObject = 4A02ED6E1D734C98008511A9 /* Project object */;
}
